// !$*UTF8*$!
{
	archiveVersion = 1;
	classes = {
	};
	objectVersion = 46;
	objects = {

/* Begin PBXBuildFile section */
		1AA1BBE21D97867500B4F2EC /* main.m in Sources */ = {isa = PBXBuildFile; fileRef = 1AA1BBE11D97867500B4F2EC /* main.m */; };
		1AA1BBE51D97867500B4F2EC /* AppDelegate.m in Sources */ = {isa = PBXBuildFile; fileRef = 1AA1BBE41D97867500B4F2EC /* AppDelegate.m */; };
		1AA1BBE81D97867500B4F2EC /* ViewController.m in Sources */ = {isa = PBXBuildFile; fileRef = 1AA1BBE71D97867500B4F2EC /* ViewController.m */; };
		1AA1BBEB1D97867500B4F2EC /* Main.storyboard in Resources */ = {isa = PBXBuildFile; fileRef = 1AA1BBE91D97867500B4F2EC /* Main.storyboard */; };
		1AA1BBED1D97867500B4F2EC /* Assets.xcassets in Resources */ = {isa = PBXBuildFile; fileRef = 1AA1BBEC1D97867500B4F2EC /* Assets.xcassets */; };
		1AA1BBF01D97867500B4F2EC /* LaunchScreen.storyboard in Resources */ = {isa = PBXBuildFile; fileRef = 1AA1BBEE1D97867500B4F2EC /* LaunchScreen.storyboard */; };
		1AA1BBFB1D97867500B4F2EC /* LoginUITests.m in Sources */ = {isa = PBXBuildFile; fileRef = 1AA1BBFA1D97867500B4F2EC /* LoginUITests.m */; };
		1AA1BC671D97B89200B4F2EC /* NSData+CCCryptUtil.m in Sources */ = {isa = PBXBuildFile; fileRef = 1AA1BC5A1D97B89200B4F2EC /* NSData+CCCryptUtil.m */; };
		1AA1BC681D97B89200B4F2EC /* NSString+Hash.m in Sources */ = {isa = PBXBuildFile; fileRef = 1AA1BC5C1D97B89200B4F2EC /* NSString+Hash.m */; };
		1AA1BC691D97B89200B4F2EC /* UserModel.m in Sources */ = {isa = PBXBuildFile; fileRef = 1AA1BC5F1D97B89200B4F2EC /* UserModel.m */; };
		1AA1BC6A1D97B89200B4F2EC /* HttpRequest.m in Sources */ = {isa = PBXBuildFile; fileRef = 1AA1BC621D97B89200B4F2EC /* HttpRequest.m */; };
		1AA1BC6B1D97B89200B4F2EC /* ResponseObject.m in Sources */ = {isa = PBXBuildFile; fileRef = 1AA1BC641D97B89200B4F2EC /* ResponseObject.m */; };
/* End PBXBuildFile section */

/* Begin PBXContainerItemProxy section */
		1AA1BBF71D97867500B4F2EC /* PBXContainerItemProxy */ = {
			isa = PBXContainerItemProxy;
			containerPortal = 1AA1BBD51D97867500B4F2EC /* Project object */;
			proxyType = 1;
			remoteGlobalIDString = 1AA1BBDC1D97867500B4F2EC;
			remoteInfo = Login;
		};
/* End PBXContainerItemProxy section */

/* Begin PBXFileReference section */
		1AA1BBDD1D97867500B4F2EC /* Login.app */ = {isa = PBXFileReference; explicitFileType = wrapper.application; includeInIndex = 0; path = Login.app; sourceTree = BUILT_PRODUCTS_DIR; };
		1AA1BBE11D97867500B4F2EC /* main.m */ = {isa = PBXFileReference; lastKnownFileType = sourcecode.c.objc; path = main.m; sourceTree = "<group>"; };
		1AA1BBE31D97867500B4F2EC /* AppDelegate.h */ = {isa = PBXFileReference; lastKnownFileType = sourcecode.c.h; path = AppDelegate.h; sourceTree = "<group>"; };
		1AA1BBE41D97867500B4F2EC /* AppDelegate.m */ = {isa = PBXFileReference; lastKnownFileType = sourcecode.c.objc; path = AppDelegate.m; sourceTree = "<group>"; };
		1AA1BBE61D97867500B4F2EC /* ViewController.h */ = {isa = PBXFileReference; lastKnownFileType = sourcecode.c.h; path = ViewController.h; sourceTree = "<group>"; };
		1AA1BBE71D97867500B4F2EC /* ViewController.m */ = {isa = PBXFileReference; lastKnownFileType = sourcecode.c.objc; path = ViewController.m; sourceTree = "<group>"; };
		1AA1BBEA1D97867500B4F2EC /* Base */ = {isa = PBXFileReference; lastKnownFileType = file.storyboard; name = Base; path = Base.lproj/Main.storyboard; sourceTree = "<group>"; };
		1AA1BBEC1D97867500B4F2EC /* Assets.xcassets */ = {isa = PBXFileReference; lastKnownFileType = folder.assetcatalog; path = Assets.xcassets; sourceTree = "<group>"; };
		1AA1BBEF1D97867500B4F2EC /* Base */ = {isa = PBXFileReference; lastKnownFileType = file.storyboard; name = Base; path = Base.lproj/LaunchScreen.storyboard; sourceTree = "<group>"; };
		1AA1BBF11D97867500B4F2EC /* Info.plist */ = {isa = PBXFileReference; lastKnownFileType = text.plist.xml; path = Info.plist; sourceTree = "<group>"; };
		1AA1BBF61D97867500B4F2EC /* LoginUITests.xctest */ = {isa = PBXFileReference; explicitFileType = wrapper.cfbundle; includeInIndex = 0; path = LoginUITests.xctest; sourceTree = BUILT_PRODUCTS_DIR; };
		1AA1BBFA1D97867500B4F2EC /* LoginUITests.m */ = {isa = PBXFileReference; lastKnownFileType = sourcecode.c.objc; path = LoginUITests.m; sourceTree = "<group>"; };
		1AA1BBFC1D97867500B4F2EC /* Info.plist */ = {isa = PBXFileReference; lastKnownFileType = text.plist.xml; path = Info.plist; sourceTree = "<group>"; };
		1AA1BC591D97B89200B4F2EC /* NSData+CCCryptUtil.h */ = {isa = PBXFileReference; fileEncoding = 4; lastKnownFileType = sourcecode.c.h; path = "NSData+CCCryptUtil.h"; sourceTree = "<group>"; };
		1AA1BC5A1D97B89200B4F2EC /* NSData+CCCryptUtil.m */ = {isa = PBXFileReference; fileEncoding = 4; lastKnownFileType = sourcecode.c.objc; path = "NSData+CCCryptUtil.m"; sourceTree = "<group>"; };
		1AA1BC5B1D97B89200B4F2EC /* NSString+Hash.h */ = {isa = PBXFileReference; fileEncoding = 4; lastKnownFileType = sourcecode.c.h; path = "NSString+Hash.h"; sourceTree = "<group>"; };
		1AA1BC5C1D97B89200B4F2EC /* NSString+Hash.m */ = {isa = PBXFileReference; fileEncoding = 4; lastKnownFileType = sourcecode.c.objc; path = "NSString+Hash.m"; sourceTree = "<group>"; };
		1AA1BC5E1D97B89200B4F2EC /* UserModel.h */ = {isa = PBXFileReference; fileEncoding = 4; lastKnownFileType = sourcecode.c.h; path = UserModel.h; sourceTree = "<group>"; };
		1AA1BC5F1D97B89200B4F2EC /* UserModel.m */ = {isa = PBXFileReference; fileEncoding = 4; lastKnownFileType = sourcecode.c.objc; path = UserModel.m; sourceTree = "<group>"; };
		1AA1BC611D97B89200B4F2EC /* HttpRequest.h */ = {isa = PBXFileReference; fileEncoding = 4; lastKnownFileType = sourcecode.c.h; path = HttpRequest.h; sourceTree = "<group>"; };
		1AA1BC621D97B89200B4F2EC /* HttpRequest.m */ = {isa = PBXFileReference; fileEncoding = 4; lastKnownFileType = sourcecode.c.objc; path = HttpRequest.m; sourceTree = "<group>"; };
		1AA1BC631D97B89200B4F2EC /* ResponseObject.h */ = {isa = PBXFileReference; fileEncoding = 4; lastKnownFileType = sourcecode.c.h; path = ResponseObject.h; sourceTree = "<group>"; };
		1AA1BC641D97B89200B4F2EC /* ResponseObject.m */ = {isa = PBXFileReference; fileEncoding = 4; lastKnownFileType = sourcecode.c.objc; path = ResponseObject.m; sourceTree = "<group>"; };
		1AA1BC661D97B89200B4F2EC /* JTDemo.pch */ = {isa = PBXFileReference; fileEncoding = 4; lastKnownFileType = sourcecode.c.h; path = JTDemo.pch; sourceTree = "<group>"; };
/* End PBXFileReference section */

/* Begin PBXFrameworksBuildPhase section */
		1AA1BBDA1D97867500B4F2EC /* Frameworks */ = {
			isa = PBXFrameworksBuildPhase;
			buildActionMask = 2147483647;
			files = (
			);
			runOnlyForDeploymentPostprocessing = 0;
		};
		1AA1BBF31D97867500B4F2EC /* Frameworks */ = {
			isa = PBXFrameworksBuildPhase;
			buildActionMask = 2147483647;
			files = (
			);
			runOnlyForDeploymentPostprocessing = 0;
		};
/* End PBXFrameworksBuildPhase section */

/* Begin PBXGroup section */
		1AA1BBD41D97867500B4F2EC = {
			isa = PBXGroup;
			children = (
				1AA1BBDF1D97867500B4F2EC /* Login */,
				1AA1BBF91D97867500B4F2EC /* LoginUITests */,
				1AA1BBDE1D97867500B4F2EC /* Products */,
			);
			sourceTree = "<group>";
		};
		1AA1BBDE1D97867500B4F2EC /* Products */ = {
			isa = PBXGroup;
			children = (
				1AA1BBDD1D97867500B4F2EC /* Login.app */,
				1AA1BBF61D97867500B4F2EC /* LoginUITests.xctest */,
			);
			name = Products;
			sourceTree = "<group>";
		};
		1AA1BBDF1D97867500B4F2EC /* Login */ = {
			isa = PBXGroup;
			children = (
				1AA1BC571D97B89200B4F2EC /* General */,
				1AA1BBE31D97867500B4F2EC /* AppDelegate.h */,
				1AA1BBE41D97867500B4F2EC /* AppDelegate.m */,
				1AA1BBE61D97867500B4F2EC /* ViewController.h */,
				1AA1BBE71D97867500B4F2EC /* ViewController.m */,
				1AA1BBE91D97867500B4F2EC /* Main.storyboard */,
				1AA1BBEC1D97867500B4F2EC /* Assets.xcassets */,
				1AA1BBEE1D97867500B4F2EC /* LaunchScreen.storyboard */,
				1AA1BBF11D97867500B4F2EC /* Info.plist */,
				1AA1BBE01D97867500B4F2EC /* Supporting Files */,
			);
			path = Login;
			sourceTree = "<group>";
		};
		1AA1BBE01D97867500B4F2EC /* Supporting Files */ = {
			isa = PBXGroup;
			children = (
				1AA1BBE11D97867500B4F2EC /* main.m */,
			);
			name = "Supporting Files";
			sourceTree = "<group>";
		};
		1AA1BBF91D97867500B4F2EC /* LoginUITests */ = {
			isa = PBXGroup;
			children = (
				1AA1BBFA1D97867500B4F2EC /* LoginUITests.m */,
				1AA1BBFC1D97867500B4F2EC /* Info.plist */,
			);
			path = LoginUITests;
			sourceTree = "<group>";
		};
		1AA1BC571D97B89200B4F2EC /* General */ = {
			isa = PBXGroup;
			children = (
				1AA1BC581D97B89200B4F2EC /* Extension(Branch) */,
				1AA1BC5D1D97B89200B4F2EC /* Models(Base) */,
				1AA1BC601D97B89200B4F2EC /* NetworkService */,
				1AA1BC651D97B89200B4F2EC /* Public */,
			);
			path = General;
			sourceTree = "<group>";
		};
		1AA1BC581D97B89200B4F2EC /* Extension(Branch) */ = {
			isa = PBXGroup;
			children = (
				1AA1BC591D97B89200B4F2EC /* NSData+CCCryptUtil.h */,
				1AA1BC5A1D97B89200B4F2EC /* NSData+CCCryptUtil.m */,
				1AA1BC5B1D97B89200B4F2EC /* NSString+Hash.h */,
				1AA1BC5C1D97B89200B4F2EC /* NSString+Hash.m */,
			);
			path = "Extension(Branch)";
			sourceTree = "<group>";
		};
		1AA1BC5D1D97B89200B4F2EC /* Models(Base) */ = {
			isa = PBXGroup;
			children = (
				1AA1BC5E1D97B89200B4F2EC /* UserModel.h */,
				1AA1BC5F1D97B89200B4F2EC /* UserModel.m */,
			);
			path = "Models(Base)";
			sourceTree = "<group>";
		};
		1AA1BC601D97B89200B4F2EC /* NetworkService */ = {
			isa = PBXGroup;
			children = (
				1AA1BC611D97B89200B4F2EC /* HttpRequest.h */,
				1AA1BC621D97B89200B4F2EC /* HttpRequest.m */,
				1AA1BC631D97B89200B4F2EC /* ResponseObject.h */,
				1AA1BC641D97B89200B4F2EC /* ResponseObject.m */,
			);
			path = NetworkService;
			sourceTree = "<group>";
		};
		1AA1BC651D97B89200B4F2EC /* Public */ = {
			isa = PBXGroup;
			children = (
				1AA1BC661D97B89200B4F2EC /* JTDemo.pch */,
			);
			path = Public;
			sourceTree = "<group>";
		};
/* End PBXGroup section */

/* Begin PBXNativeTarget section */
		1AA1BBDC1D97867500B4F2EC /* Login */ = {
			isa = PBXNativeTarget;
			buildConfigurationList = 1AA1BBFF1D97867500B4F2EC /* Build configuration list for PBXNativeTarget "Login" */;
			buildPhases = (
				1AA1BBD91D97867500B4F2EC /* Sources */,
				1AA1BBDA1D97867500B4F2EC /* Frameworks */,
				1AA1BBDB1D97867500B4F2EC /* Resources */,
			);
			buildRules = (
			);
			dependencies = (
			);
			name = Login;
			productName = Login;
			productReference = 1AA1BBDD1D97867500B4F2EC /* Login.app */;
			productType = "com.apple.product-type.application";
		};
		1AA1BBF51D97867500B4F2EC /* LoginUITests */ = {
			isa = PBXNativeTarget;
			buildConfigurationList = 1AA1BC021D97867500B4F2EC /* Build configuration list for PBXNativeTarget "LoginUITests" */;
			buildPhases = (
				1AA1BBF21D97867500B4F2EC /* Sources */,
				1AA1BBF31D97867500B4F2EC /* Frameworks */,
				1AA1BBF41D97867500B4F2EC /* Resources */,
			);
			buildRules = (
			);
			dependencies = (
				1AA1BBF81D97867500B4F2EC /* PBXTargetDependency */,
			);
			name = LoginUITests;
			productName = LoginUITests;
			productReference = 1AA1BBF61D97867500B4F2EC /* LoginUITests.xctest */;
			productType = "com.apple.product-type.bundle.ui-testing";
		};
/* End PBXNativeTarget section */

/* Begin PBXProject section */
		1AA1BBD51D97867500B4F2EC /* Project object */ = {
			isa = PBXProject;
			attributes = {
				LastUpgradeCheck = 0730;
				ORGANIZATIONNAME = "尹江涛";
				TargetAttributes = {
					1AA1BBDC1D97867500B4F2EC = {
						CreatedOnToolsVersion = 7.3.1;
					};
					1AA1BBF51D97867500B4F2EC = {
						CreatedOnToolsVersion = 7.3.1;
						DevelopmentTeam = M3HP4FC665;
						TestTargetID = 1AA1BBDC1D97867500B4F2EC;
					};
				};
			};
			buildConfigurationList = 1AA1BBD81D97867500B4F2EC /* Build configuration list for PBXProject "Login" */;
			compatibilityVersion = "Xcode 3.2";
			developmentRegion = English;
			hasScannedForEncodings = 0;
			knownRegions = (
				en,
				Base,
			);
			mainGroup = 1AA1BBD41D97867500B4F2EC;
			productRefGroup = 1AA1BBDE1D97867500B4F2EC /* Products */;
			projectDirPath = "";
			projectRoot = "";
			targets = (
				1AA1BBDC1D97867500B4F2EC /* Login */,
				1AA1BBF51D97867500B4F2EC /* LoginUITests */,
			);
		};
/* End PBXProject section */

/* Begin PBXResourcesBuildPhase section */
		1AA1BBDB1D97867500B4F2EC /* Resources */ = {
			isa = PBXResourcesBuildPhase;
			buildActionMask = 2147483647;
			files = (
				1AA1BBF01D97867500B4F2EC /* LaunchScreen.storyboard in Resources */,
				1AA1BBED1D97867500B4F2EC /* Assets.xcassets in Resources */,
				1AA1BBEB1D97867500B4F2EC /* Main.storyboard in Resources */,
			);
			runOnlyForDeploymentPostprocessing = 0;
		};
		1AA1BBF41D97867500B4F2EC /* Resources */ = {
			isa = PBXResourcesBuildPhase;
			buildActionMask = 2147483647;
			files = (
			);
			runOnlyForDeploymentPostprocessing = 0;
		};
/* End PBXResourcesBuildPhase section */

/* Begin PBXSourcesBuildPhase section */
		1AA1BBD91D97867500B4F2EC /* Sources */ = {
			isa = PBXSourcesBuildPhase;
			buildActionMask = 2147483647;
			files = (
				1AA1BBE81D97867500B4F2EC /* ViewController.m in Sources */,
				1AA1BC6B1D97B89200B4F2EC /* ResponseObject.m in Sources */,
				1AA1BBE51D97867500B4F2EC /* AppDelegate.m in Sources */,
				1AA1BC691D97B89200B4F2EC /* UserModel.m in Sources */,
				1AA1BBE21D97867500B4F2EC /* main.m in Sources */,
				1AA1BC6A1D97B89200B4F2EC /* HttpRequest.m in Sources */,
				1AA1BC681D97B89200B4F2EC /* NSString+Hash.m in Sources */,
				1AA1BC671D97B89200B4F2EC /* NSData+CCCryptUtil.m in Sources */,
			);
			runOnlyForDeploymentPostprocessing = 0;
		};
		1AA1BBF21D97867500B4F2EC /* Sources */ = {
			isa = PBXSourcesBuildPhase;
			buildActionMask = 2147483647;
			files = (
				1AA1BBFB1D97867500B4F2EC /* LoginUITests.m in Sources */,
			);
			runOnlyForDeploymentPostprocessing = 0;
		};
/* End PBXSourcesBuildPhase section */

/* Begin PBXTargetDependency section */
		1AA1BBF81D97867500B4F2EC /* PBXTargetDependency */ = {
			isa = PBXTargetDependency;
			target = 1AA1BBDC1D97867500B4F2EC /* Login */;
			targetProxy = 1AA1BBF71D97867500B4F2EC /* PBXContainerItemProxy */;
		};
/* End PBXTargetDependency section */

/* Begin PBXVariantGroup section */
		1AA1BBE91D97867500B4F2EC /* Main.storyboard */ = {
			isa = PBXVariantGroup;
			children = (
				1AA1BBEA1D97867500B4F2EC /* Base */,
			);
			name = Main.storyboard;
			sourceTree = "<group>";
		};
		1AA1BBEE1D97867500B4F2EC /* LaunchScreen.storyboard */ = {
			isa = PBXVariantGroup;
			children = (
				1AA1BBEF1D97867500B4F2EC /* Base */,
			);
			name = LaunchScreen.storyboard;
			sourceTree = "<group>";
		};
/* End PBXVariantGroup section */

/* Begin XCBuildConfiguration section */
		1AA1BBFD1D97867500B4F2EC /* Debug */ = {
			isa = XCBuildConfiguration;
			buildSettings = {
				ALWAYS_SEARCH_USER_PATHS = NO;
				CLANG_ANALYZER_NONNULL = YES;
				CLANG_CXX_LANGUAGE_STANDARD = "gnu++0x";
				CLANG_CXX_LIBRARY = "libc++";
				CLANG_ENABLE_MODULES = YES;
				CLANG_ENABLE_OBJC_ARC = YES;
				CLANG_WARN_BOOL_CONVERSION = YES;
				CLANG_WARN_CONSTANT_CONVERSION = YES;
				CLANG_WARN_DIRECT_OBJC_ISA_USAGE = YES_ERROR;
				CLANG_WARN_EMPTY_BODY = YES;
				CLANG_WARN_ENUM_CONVERSION = YES;
				CLANG_WARN_INT_CONVERSION = YES;
				CLANG_WARN_OBJC_ROOT_CLASS = YES_ERROR;
				CLANG_WARN_UNREACHABLE_CODE = YES;
				CLANG_WARN__DUPLICATE_METHOD_MATCH = YES;
				"CODE_SIGN_IDENTITY[sdk=iphoneos*]" = "iPhone Developer";
				COPY_PHASE_STRIP = NO;
				DEBUG_INFORMATION_FORMAT = dwarf;
				ENABLE_STRICT_OBJC_MSGSEND = YES;
				ENABLE_TESTABILITY = YES;
				GCC_C_LANGUAGE_STANDARD = gnu99;
				GCC_DYNAMIC_NO_PIC = NO;
				GCC_NO_COMMON_BLOCKS = YES;
				GCC_OPTIMIZATION_LEVEL = 0;
				GCC_PREPROCESSOR_DEFINITIONS = (
					"DEBUG=1",
					"$(inherited)",
				);
				GCC_WARN_64_TO_32_BIT_CONVERSION = YES;
				GCC_WARN_ABOUT_RETURN_TYPE = YES_ERROR;
				GCC_WARN_UNDECLARED_SELECTOR = YES;
				GCC_WARN_UNINITIALIZED_AUTOS = YES_AGGRESSIVE;
				GCC_WARN_UNUSED_FUNCTION = YES;
				GCC_WARN_UNUSED_VARIABLE = YES;
				IPHONEOS_DEPLOYMENT_TARGET = 9.3;
				MTL_ENABLE_DEBUG_INFO = YES;
				ONLY_ACTIVE_ARCH = YES;
				SDKROOT = iphoneos;
			};
			name = Debug;
		};
		1AA1BBFE1D97867500B4F2EC /* Release */ = {
			isa = XCBuildConfiguration;
			buildSettings = {
				ALWAYS_SEARCH_USER_PATHS = NO;
				CLANG_ANALYZER_NONNULL = YES;
				CLANG_CXX_LANGUAGE_STANDARD = "gnu++0x";
				CLANG_CXX_LIBRARY = "libc++";
				CLANG_ENABLE_MODULES = YES;
				CLANG_ENABLE_OBJC_ARC = YES;
				CLANG_WARN_BOOL_CONVERSION = YES;
				CLANG_WARN_CONSTANT_CONVERSION = YES;
				CLANG_WARN_DIRECT_OBJC_ISA_USAGE = YES_ERROR;
				CLANG_WARN_EMPTY_BODY = YES;
				CLANG_WARN_ENUM_CONVERSION = YES;
				CLANG_WARN_INT_CONVERSION = YES;
				CLANG_WARN_OBJC_ROOT_CLASS = YES_ERROR;
				CLANG_WARN_UNREACHABLE_CODE = YES;
				CLANG_WARN__DUPLICATE_METHOD_MATCH = YES;
				"CODE_SIGN_IDENTITY[sdk=iphoneos*]" = "iPhone Developer";
				COPY_PHASE_STRIP = NO;
				DEBUG_INFORMATION_FORMAT = "dwarf-with-dsym";
				ENABLE_NS_ASSERTIONS = NO;
				ENABLE_STRICT_OBJC_MSGSEND = YES;
				GCC_C_LANGUAGE_STANDARD = gnu99;
				GCC_NO_COMMON_BLOCKS = YES;
				GCC_WARN_64_TO_32_BIT_CONVERSION = YES;
				GCC_WARN_ABOUT_RETURN_TYPE = YES_ERROR;
				GCC_WARN_UNDECLARED_SELECTOR = YES;
				GCC_WARN_UNINITIALIZED_AUTOS = YES_AGGRESSIVE;
				GCC_WARN_UNUSED_FUNCTION = YES;
				GCC_WARN_UNUSED_VARIABLE = YES;
				IPHONEOS_DEPLOYMENT_TARGET = 9.3;
				MTL_ENABLE_DEBUG_INFO = NO;
				SDKROOT = iphoneos;
				VALIDATE_PRODUCT = YES;
			};
			name = Release;
		};
		1AA1BC001D97867500B4F2EC /* Debug */ = {
			isa = XCBuildConfiguration;
			buildSettings = {
				ASSETCATALOG_COMPILER_APPICON_NAME = AppIcon;
				CODE_SIGN_IDENTITY = "iPhone Developer";
				GCC_PREFIX_HEADER = "$(SRCROOT)/Login/General/Public/JTDemo.pch";
				INFOPLIST_FILE = Login/Info.plist;
				IPHONEOS_DEPLOYMENT_TARGET = 9.0;
				LD_RUNPATH_SEARCH_PATHS = "$(inherited) @executable_path/Frameworks";
				PRODUCT_BUNDLE_IDENTIFIER = com.yjt.com;
				PRODUCT_NAME = "$(TARGET_NAME)";
			};
			name = Debug;
		};
		1AA1BC011D97867500B4F2EC /* Release */ = {
			isa = XCBuildConfiguration;
			buildSettings = {
				ASSETCATALOG_COMPILER_APPICON_NAME = AppIcon;
				CODE_SIGN_IDENTITY = "iPhone Developer";
				GCC_PREFIX_HEADER = "$(SRCROOT)/Login/General/Public/JTDemo.pch";
				INFOPLIST_FILE = Login/Info.plist;
				IPHONEOS_DEPLOYMENT_TARGET = 9.0;
				LD_RUNPATH_SEARCH_PATHS = "$(inherited) @executable_path/Frameworks";
				PRODUCT_BUNDLE_IDENTIFIER = com.yjt.com;
				PRODUCT_NAME = "$(TARGET_NAME)";
			};
			name = Release;
		};
		1AA1BC031D97867500B4F2EC /* Debug */ = {
			isa = XCBuildConfiguration;
			buildSettings = {
				INFOPLIST_FILE = LoginUITests/Info.plist;
				LD_RUNPATH_SEARCH_PATHS = "$(inherited) @executable_path/Frameworks @loader_path/Frameworks";
				PRODUCT_BUNDLE_IDENTIFIER = com.yjt.com.LoginUITests;
				PRODUCT_NAME = "$(TARGET_NAME)";
				TEST_TARGET_NAME = Login;
			};
			name = Debug;
		};
		1AA1BC041D97867500B4F2EC /* Release */ = {
			isa = XCBuildConfiguration;
			buildSettings = {
				INFOPLIST_FILE = LoginUITests/Info.plist;
				LD_RUNPATH_SEARCH_PATHS = "$(inherited) @executable_path/Frameworks @loader_path/Frameworks";
				PRODUCT_BUNDLE_IDENTIFIER = com.yjt.com.LoginUITests;
				PRODUCT_NAME = "$(TARGET_NAME)";
				TEST_TARGET_NAME = Login;
			};
			name = Release;
		};
/* End XCBuildConfiguration section */

/* Begin XCConfigurationList section */
		1AA1BBD81D97867500B4F2EC /* Build configuration list for PBXProject "Login" */ = {
			isa = XCConfigurationList;
			buildConfigurations = (
				1AA1BBFD1D97867500B4F2EC /* Debug */,
				1AA1BBFE1D97867500B4F2EC /* Release */,
			);
			defaultConfigurationIsVisible = 0;
			defaultConfigurationName = Release;
		};
		1AA1BBFF1D97867500B4F2EC /* Build configuration list for PBXNativeTarget "Login" */ = {
			isa = XCConfigurationList;
			buildConfigurations = (
				1AA1BC001D97867500B4F2EC /* Debug */,
				1AA1BC011D97867500B4F2EC /* Release */,
			);
			defaultConfigurationIsVisible = 0;
			defaultConfigurationName = Release;
		};
		1AA1BC021D97867500B4F2EC /* Build configuration list for PBXNativeTarget "LoginUITests" */ = {
			isa = XCConfigurationList;
			buildConfigurations = (
				1AA1BC031D97867500B4F2EC /* Debug */,
				1AA1BC041D97867500B4F2EC /* Release */,
			);
			defaultConfigurationIsVisible = 0;
			defaultConfigurationName = Release;
		};
/* End XCConfigurationList section */
	};
	rootObject = 1AA1BBD51D97867500B4F2EC /* Project object */;
}
